
Microsoft Visual Studio Solution File, Format Version 12.00
# Visual Studio Version 16
VisualStudioVersion = 16.0.32106.194
MinimumVisualStudioVersion = 10.0.40219.1
Project("{8BC9CEB8-8B4A-11D0-8D11-00A0C91BC942}") = "PEMiniToolv1", "PEMiniToolv1\PEMiniToolv1.vcxproj", "{DE995DE9-7602-4721-9538-764C7D6814A8}"
EndProject
Global
	GlobalSection(SolutionConfigurationPlatforms) = preSolution
		Debug|x64 = Debug|x64
		Debug|x86 = Debug|x86
		Release|x64 = Release|x64
		Release|x86 = Release|x86
	EndGlobalSection
	GlobalSection(ProjectConfigurationPlatforms) = postSolution
		{DE995DE9-7602-4721-9538-764C7D6814A8}.Debug|x64.ActiveCfg = Debug|x64
		{DE995DE9-7602-4721-9538-764C7D6814A8}.Debug|x86.ActiveCfg = Debug|Win32
		{DE995DE9-7602-4721-9538-764C7D6814A8}.Release|x64.ActiveCfg = Release|x64
		{DE995DE9-7602-4721-9538-764C7D6814A8}.Release|x64.Build.0 = Release|x64
		{DE995DE9-7602-4721-9538-764C7D6814A8}.Release|x86.ActiveCfg = Release|Win32
		{DE995DE9-7602-4721-9538-764C7D6814A8}.Release|x86.Build.0 = Release|Win32
	EndGlobalSection
	GlobalSection(SolutionProperties) = preSolution
		HideSolutionNode = FALSE
	EndGlobalSection
	GlobalSection(ExtensibilityGlobals) = postSolution
		SolutionGuid = {DD74FF5D-B00A-4633-B585-E3BE358911A7}
	EndGlobalSection
EndGlobal
